
Microsoft Visual Studio Solution File, Format Version 12.00
# Visual Studio 2013
VisualStudioVersion = 12.0.21005.1
MinimumVisualStudioVersion = 10.0.40219.1
Project("{FAE04EC0-301F-11D3-BF4B-00C04F79EFBC}") = "TestGame2", "TestGame2\TestGame2\TestGame2.csproj", "{DF2965B9-14ED-41AD-9459-95E61BC89C6F}"
EndProject
Project("{96E2B04D-8817-42C6-938A-82C39BA4D311}") = "TestGame2Content", "TestGame2\TestGame2Content\TestGame2Content.contentproj", "{E5A0BFAA-5C8A-4B88-8E87-E6864B849072}"
EndProject
Global
	GlobalSection(SolutionConfigurationPlatforms) = preSolution
		Debug|x86 = Debug|x86
		Release|x86 = Release|x86
	EndGlobalSection
	GlobalSection(ProjectConfigurationPlatforms) = postSolution
		{DF2965B9-14ED-41AD-9459-95E61BC89C6F}.Debug|x86.ActiveCfg = Debug|x86
		{DF2965B9-14ED-41AD-9459-95E61BC89C6F}.Debug|x86.Build.0 = Debug|x86
		{DF2965B9-14ED-41AD-9459-95E61BC89C6F}.Release|x86.ActiveCfg = Release|x86
		{DF2965B9-14ED-41AD-9459-95E61BC89C6F}.Release|x86.Build.0 = Release|x86
		{E5A0BFAA-5C8A-4B88-8E87-E6864B849072}.Debug|x86.ActiveCfg = Debug|x86
		{E5A0BFAA-5C8A-4B88-8E87-E6864B849072}.Release|x86.ActiveCfg = Release|x86
	EndGlobalSection
	GlobalSection(SolutionProperties) = preSolution
		HideSolutionNode = FALSE
	EndGlobalSection
EndGlobal
